// !$*UTF8*$!
{
	archiveVersion = 1;
	classes = {
	};
	objectVersion = 50;
	objects = {

/* Begin PBXBuildFile section */
		1926441C21B639E300E06ED6 /* ArticleModel.swift in Sources */ = {isa = PBXBuildFile; fileRef = 1926441B21B639E300E06ED6 /* ArticleModel.swift */; };
		19D0514121C2035A00B4CC67 /* AppDelegate.swift in Sources */ = {isa = PBXBuildFile; fileRef = 19D0514021C2035A00B4CC67 /* AppDelegate.swift */; };
		19D0514721C21A3100B4CC67 /* DisplayScreen.swift in Sources */ = {isa = PBXBuildFile; fileRef = 19D0514621C21A3100B4CC67 /* DisplayScreen.swift */; };
		19DE2DFA2199E134003405AD /* ViewController.swift in Sources */ = {isa = PBXBuildFile; fileRef = 19DE2DF92199E134003405AD /* ViewController.swift */; };
		19DE2DFD2199E134003405AD /* Main.storyboard in Resources */ = {isa = PBXBuildFile; fileRef = 19DE2DFB2199E134003405AD /* Main.storyboard */; settings = {ASSET_TAGS = (DN, ); }; };
		19DE2DFF2199E136003405AD /* Assets.xcassets in Resources */ = {isa = PBXBuildFile; fileRef = 19DE2DFE2199E136003405AD /* Assets.xcassets */; };
		19DE2E022199E136003405AD /* LaunchScreen.storyboard in Resources */ = {isa = PBXBuildFile; fileRef = 19DE2E002199E136003405AD /* LaunchScreen.storyboard */; };
		19DE2E0C2199E1FA003405AD /* RxNorm.swift in Sources */ = {isa = PBXBuildFile; fileRef = 19DE2E0B2199E1FA003405AD /* RxNorm.swift */; };
		CBFD11ECA66FE6D18C31D32C /* Pods_MedicationRec.framework in Frameworks */ = {isa = PBXBuildFile; fileRef = C2901578796DA63367890DA9 /* Pods_MedicationRec.framework */; };
/* End PBXBuildFile section */

/* Begin PBXCopyFilesBuildPhase section */
		1926445821B63E9900E06ED6 /* Embed Frameworks */ = {
			isa = PBXCopyFilesBuildPhase;
			buildActionMask = 2147483647;
			dstPath = "";
			dstSubfolderSpec = 10;
			files = (
			);
			name = "Embed Frameworks";
			runOnlyForDeploymentPostprocessing = 0;
		};
/* End PBXCopyFilesBuildPhase section */

/* Begin PBXFileReference section */
		1926441B21B639E300E06ED6 /* ArticleModel.swift */ = {isa = PBXFileReference; lastKnownFileType = sourcecode.swift; path = ArticleModel.swift; sourceTree = "<group>"; };
		19D0514021C2035A00B4CC67 /* AppDelegate.swift */ = {isa = PBXFileReference; fileEncoding = 4; lastKnownFileType = sourcecode.swift; name = AppDelegate.swift; path = MedicationRec/AppDelegate.swift; sourceTree = SOURCE_ROOT; };
		19D0514621C21A3100B4CC67 /* DisplayScreen.swift */ = {isa = PBXFileReference; lastKnownFileType = sourcecode.swift; path = DisplayScreen.swift; sourceTree = "<group>"; };
		19DE2DF42199E134003405AD /* MedRec.app */ = {isa = PBXFileReference; explicitFileType = wrapper.application; includeInIndex = 0; path = MedRec.app; sourceTree = BUILT_PRODUCTS_DIR; };
		19DE2DF92199E134003405AD /* ViewController.swift */ = {isa = PBXFileReference; lastKnownFileType = sourcecode.swift; path = ViewController.swift; sourceTree = "<group>"; };
		19DE2DFC2199E134003405AD /* Base */ = {isa = PBXFileReference; lastKnownFileType = file.storyboard; name = Base; path = Base.lproj/Main.storyboard; sourceTree = "<group>"; };
		19DE2DFE2199E136003405AD /* Assets.xcassets */ = {isa = PBXFileReference; lastKnownFileType = folder.assetcatalog; path = Assets.xcassets; sourceTree = "<group>"; };
		19DE2E012199E136003405AD /* Base */ = {isa = PBXFileReference; lastKnownFileType = file.storyboard; name = Base; path = Base.lproj/LaunchScreen.storyboard; sourceTree = "<group>"; };
		19DE2E032199E136003405AD /* Info.plist */ = {isa = PBXFileReference; lastKnownFileType = text.plist.xml; path = Info.plist; sourceTree = "<group>"; };
		19DE2E0B2199E1FA003405AD /* RxNorm.swift */ = {isa = PBXFileReference; lastKnownFileType = sourcecode.swift; path = RxNorm.swift; sourceTree = "<group>"; };
		8C70C29E90437A59E293539E /* Pods-MedicationRec.debug.xcconfig */ = {isa = PBXFileReference; includeInIndex = 1; lastKnownFileType = text.xcconfig; name = "Pods-MedicationRec.debug.xcconfig"; path = "Pods/Target Support Files/Pods-MedicationRec/Pods-MedicationRec.debug.xcconfig"; sourceTree = "<group>"; };
		C2901578796DA63367890DA9 /* Pods_MedicationRec.framework */ = {isa = PBXFileReference; explicitFileType = wrapper.framework; includeInIndex = 0; path = Pods_MedicationRec.framework; sourceTree = BUILT_PRODUCTS_DIR; };
		C7C01F7554BB905F95406D24 /* Pods-MedicationRec.release.xcconfig */ = {isa = PBXFileReference; includeInIndex = 1; lastKnownFileType = text.xcconfig; name = "Pods-MedicationRec.release.xcconfig"; path = "Pods/Target Support Files/Pods-MedicationRec/Pods-MedicationRec.release.xcconfig"; sourceTree = "<group>"; };
/* End PBXFileReference section */

/* Begin PBXFrameworksBuildPhase section */
		19DE2DF12199E134003405AD /* Frameworks */ = {
			isa = PBXFrameworksBuildPhase;
			buildActionMask = 2147483647;
			files = (
				CBFD11ECA66FE6D18C31D32C /* Pods_MedicationRec.framework in Frameworks */,
			);
			runOnlyForDeploymentPostprocessing = 0;
		};
/* End PBXFrameworksBuildPhase section */

/* Begin PBXGroup section */
		1900EC7321C1B3FE008C0708 /* View */ = {
			isa = PBXGroup;
			children = (
				19DE2DFB2199E134003405AD /* Main.storyboard */,
				19DE2E002199E136003405AD /* LaunchScreen.storyboard */,
			);
			path = View;
			sourceTree = "<group>";
		};
		1900EC7421C1B409008C0708 /* Controllers */ = {
			isa = PBXGroup;
			children = (
				19DE2DF92199E134003405AD /* ViewController.swift */,
				19D0514621C21A3100B4CC67 /* DisplayScreen.swift */,
			);
			path = Controllers;
			sourceTree = "<group>";
		};
		1900EC7521C1B423008C0708 /* Models */ = {
			isa = PBXGroup;
			children = (
				1926441B21B639E300E06ED6 /* ArticleModel.swift */,
			);
			path = Models;
			sourceTree = "<group>";
		};
		1926445221B63E6200E06ED6 /* Frameworks */ = {
			isa = PBXGroup;
			children = (
				C2901578796DA63367890DA9 /* Pods_MedicationRec.framework */,
			);
			name = Frameworks;
			sourceTree = "<group>";
		};
		19DE2DEB2199E134003405AD = {
			isa = PBXGroup;
			children = (
				19DE2DF62199E134003405AD /* MedicationRec */,
				19DE2DF52199E134003405AD /* Products */,
				1926445221B63E6200E06ED6 /* Frameworks */,
				D932DC331F2993CC3C7DD18E /* Pods */,
			);
			sourceTree = "<group>";
		};
		19DE2DF52199E134003405AD /* Products */ = {
			isa = PBXGroup;
			children = (
				19DE2DF42199E134003405AD /* MedRec.app */,
			);
			name = Products;
			sourceTree = "<group>";
		};
		19DE2DF62199E134003405AD /* MedicationRec */ = {
			isa = PBXGroup;
			children = (
				1900EC7521C1B423008C0708 /* Models */,
				1900EC7421C1B409008C0708 /* Controllers */,
				1900EC7321C1B3FE008C0708 /* View */,
				19DE2DFE2199E136003405AD /* Assets.xcassets */,
				19DE2E032199E136003405AD /* Info.plist */,
				19D0514021C2035A00B4CC67 /* AppDelegate.swift */,
				19DE2E0B2199E1FA003405AD /* RxNorm.swift */,
			);
			path = MedicationRec;
			sourceTree = "<group>";
		};
		D932DC331F2993CC3C7DD18E /* Pods */ = {
			isa = PBXGroup;
			children = (
				8C70C29E90437A59E293539E /* Pods-MedicationRec.debug.xcconfig */,
				C7C01F7554BB905F95406D24 /* Pods-MedicationRec.release.xcconfig */,
			);
			name = Pods;
			sourceTree = "<group>";
		};
/* End PBXGroup section */

/* Begin PBXNativeTarget section */
		19DE2DF32199E134003405AD /* MedicationRec */ = {
			isa = PBXNativeTarget;
			buildConfigurationList = 19DE2E062199E136003405AD /* Build configuration list for PBXNativeTarget "MedicationRec" */;
			buildPhases = (
				EED5A2092DA510B302572FC8 /* [CP] Check Pods Manifest.lock */,
				19DE2DF02199E134003405AD /* Sources */,
				19DE2DF12199E134003405AD /* Frameworks */,
				19DE2DF22199E134003405AD /* Resources */,
				1926445821B63E9900E06ED6 /* Embed Frameworks */,
				15478044EE0781063D19C2A3 /* [CP] Embed Pods Frameworks */,
			);
			buildRules = (
			);
			dependencies = (
			);
			name = MedicationRec;
			productName = MedicationRec;
			productReference = 19DE2DF42199E134003405AD /* MedRec.app */;
			productType = "com.apple.product-type.application";
		};
/* End PBXNativeTarget section */

/* Begin PBXProject section */
		19DE2DEC2199E134003405AD /* Project object */ = {
			isa = PBXProject;
			attributes = {
				KnownAssetTags = (
					DN,
				);
				LastSwiftUpdateCheck = 0940;
				LastUpgradeCheck = 0940;
				ORGANIZATIONNAME = "Ryan Padden";
				TargetAttributes = {
					19DE2DF32199E134003405AD = {
						CreatedOnToolsVersion = 9.4.1;
					};
				};
			};
			buildConfigurationList = 19DE2DEF2199E134003405AD /* Build configuration list for PBXProject "MedicationRec" */;
			compatibilityVersion = "Xcode 9.3";
			developmentRegion = en;
			hasScannedForEncodings = 0;
			knownRegions = (
				en,
				Base,
			);
			mainGroup = 19DE2DEB2199E134003405AD;
			productRefGroup = 19DE2DF52199E134003405AD /* Products */;
			projectDirPath = "";
			projectRoot = "";
			targets = (
				19DE2DF32199E134003405AD /* MedicationRec */,
			);
		};
/* End PBXProject section */

/* Begin PBXResourcesBuildPhase section */
		19DE2DF22199E134003405AD /* Resources */ = {
			isa = PBXResourcesBuildPhase;
			buildActionMask = 2147483647;
			files = (
				19DE2E022199E136003405AD /* LaunchScreen.storyboard in Resources */,
				19DE2DFF2199E136003405AD /* Assets.xcassets in Resources */,
				19DE2DFD2199E134003405AD /* Main.storyboard in Resources */,
			);
			runOnlyForDeploymentPostprocessing = 0;
		};
/* End PBXResourcesBuildPhase section */

/* Begin PBXShellScriptBuildPhase section */
		15478044EE0781063D19C2A3 /* [CP] Embed Pods Frameworks */ = {
			isa = PBXShellScriptBuildPhase;
			buildActionMask = 2147483647;
			files = (
			);
			inputPaths = (
				"${SRCROOT}/Pods/Target Support Files/Pods-MedicationRec/Pods-MedicationRec-frameworks.sh",
				"${BUILT_PRODUCTS_DIR}/Alamofire/Alamofire.framework",
				"${BUILT_PRODUCTS_DIR}/SVProgressHUD/SVProgressHUD.framework",
				"${BUILT_PRODUCTS_DIR}/SwiftyJSON/SwiftyJSON.framework",
			);
			name = "[CP] Embed Pods Frameworks";
			outputPaths = (
				"${TARGET_BUILD_DIR}/${FRAMEWORKS_FOLDER_PATH}/Alamofire.framework",
				"${TARGET_BUILD_DIR}/${FRAMEWORKS_FOLDER_PATH}/SVProgressHUD.framework",
				"${TARGET_BUILD_DIR}/${FRAMEWORKS_FOLDER_PATH}/SwiftyJSON.framework",
			);
			runOnlyForDeploymentPostprocessing = 0;
			shellPath = /bin/sh;
			shellScript = "\"${SRCROOT}/Pods/Target Support Files/Pods-MedicationRec/Pods-MedicationRec-frameworks.sh\"\n";
			showEnvVarsInLog = 0;
		};
		EED5A2092DA510B302572FC8 /* [CP] Check Pods Manifest.lock */ = {
			isa = PBXShellScriptBuildPhase;
			buildActionMask = 2147483647;
			files = (
			);
			inputPaths = (
				"${PODS_PODFILE_DIR_PATH}/Podfile.lock",
				"${PODS_ROOT}/Manifest.lock",
			);
			name = "[CP] Check Pods Manifest.lock";
			outputPaths = (
				"$(DERIVED_FILE_DIR)/Pods-MedicationRec-checkManifestLockResult.txt",
			);
			runOnlyForDeploymentPostprocessing = 0;
			shellPath = /bin/sh;
			shellScript = "diff \"${PODS_PODFILE_DIR_PATH}/Podfile.lock\" \"${PODS_ROOT}/Manifest.lock\" > /dev/null\nif [ $? != 0 ] ; then\n    # print error to STDERR\n    echo \"error: The sandbox is not in sync with the Podfile.lock. Run 'pod install' or update your CocoaPods installation.\" >&2\n    exit 1\nfi\n# This output is used by Xcode 'outputs' to avoid re-running this script phase.\necho \"SUCCESS\" > \"${SCRIPT_OUTPUT_FILE_0}\"\n";
			showEnvVarsInLog = 0;
		};
/* End PBXShellScriptBuildPhase section */

/* Begin PBXSourcesBuildPhase section */
		19DE2DF02199E134003405AD /* Sources */ = {
			isa = PBXSourcesBuildPhase;
			buildActionMask = 2147483647;
			files = (
				1926441C21B639E300E06ED6 /* ArticleModel.swift in Sources */,
				19DE2E0C2199E1FA003405AD /* RxNorm.swift in Sources */,
				19D0514721C21A3100B4CC67 /* DisplayScreen.swift in Sources */,
				19D0514121C2035A00B4CC67 /* AppDelegate.swift in Sources */,
				19DE2DFA2199E134003405AD /* ViewController.swift in Sources */,
			);
			runOnlyForDeploymentPostprocessing = 0;
		};
/* End PBXSourcesBuildPhase section */

/* Begin PBXVariantGroup section */
		19DE2DFB2199E134003405AD /* Main.storyboard */ = {
			isa = PBXVariantGroup;
			children = (
				19DE2DFC2199E134003405AD /* Base */,
			);
			name = Main.storyboard;
			sourceTree = "<group>";
		};
		19DE2E002199E136003405AD /* LaunchScreen.storyboard */ = {
			isa = PBXVariantGroup;
			children = (
				19DE2E012199E136003405AD /* Base */,
			);
			name = LaunchScreen.storyboard;
			sourceTree = "<group>";
		};
/* End PBXVariantGroup section */

/* Begin XCBuildConfiguration section */
		19DE2E042199E136003405AD /* Debug */ = {
			isa = XCBuildConfiguration;
			buildSettings = {
				ALWAYS_SEARCH_USER_PATHS = NO;
				CLANG_ANALYZER_NONNULL = YES;
				CLANG_ANALYZER_NUMBER_OBJECT_CONVERSION = YES_AGGRESSIVE;
				CLANG_CXX_LANGUAGE_STANDARD = "gnu++14";
				CLANG_CXX_LIBRARY = "libc++";
				CLANG_ENABLE_MODULES = YES;
				CLANG_ENABLE_OBJC_ARC = YES;
				CLANG_ENABLE_OBJC_WEAK = YES;
				CLANG_WARN_BLOCK_CAPTURE_AUTORELEASING = YES;
				CLANG_WARN_BOOL_CONVERSION = YES;
				CLANG_WARN_COMMA = YES;
				CLANG_WARN_CONSTANT_CONVERSION = YES;
				CLANG_WARN_DEPRECATED_OBJC_IMPLEMENTATIONS = YES;
				CLANG_WARN_DIRECT_OBJC_ISA_USAGE = YES_ERROR;
				CLANG_WARN_DOCUMENTATION_COMMENTS = YES;
				CLANG_WARN_EMPTY_BODY = YES;
				CLANG_WARN_ENUM_CONVERSION = YES;
				CLANG_WARN_INFINITE_RECURSION = YES;
				CLANG_WARN_INT_CONVERSION = YES;
				CLANG_WARN_NON_LITERAL_NULL_CONVERSION = YES;
				CLANG_WARN_OBJC_IMPLICIT_RETAIN_SELF = YES;
				CLANG_WARN_OBJC_LITERAL_CONVERSION = YES;
				CLANG_WARN_OBJC_ROOT_CLASS = YES_ERROR;
				CLANG_WARN_RANGE_LOOP_ANALYSIS = YES;
				CLANG_WARN_STRICT_PROTOTYPES = YES;
				CLANG_WARN_SUSPICIOUS_MOVE = YES;
				CLANG_WARN_UNGUARDED_AVAILABILITY = YES_AGGRESSIVE;
				CLANG_WARN_UNREACHABLE_CODE = YES;
				CLANG_WARN__DUPLICATE_METHOD_MATCH = YES;
				CODE_SIGN_IDENTITY = "iPhone Developer";
				COPY_PHASE_STRIP = NO;
				DEBUG_INFORMATION_FORMAT = dwarf;
				ENABLE_STRICT_OBJC_MSGSEND = YES;
				ENABLE_TESTABILITY = YES;
				GCC_C_LANGUAGE_STANDARD = gnu11;
				GCC_DYNAMIC_NO_PIC = NO;
				GCC_NO_COMMON_BLOCKS = YES;
				GCC_OPTIMIZATION_LEVEL = 0;
				GCC_PREPROCESSOR_DEFINITIONS = (
					"DEBUG=1",
					"$(inherited)",
				);
				GCC_WARN_64_TO_32_BIT_CONVERSION = YES;
				GCC_WARN_ABOUT_RETURN_TYPE = YES_ERROR;
				GCC_WARN_UNDECLARED_SELECTOR = YES;
				GCC_WARN_UNINITIALIZED_AUTOS = YES_AGGRESSIVE;
				GCC_WARN_UNUSED_FUNCTION = YES;
				GCC_WARN_UNUSED_VARIABLE = YES;
				IPHONEOS_DEPLOYMENT_TARGET = 11.4;
				MTL_ENABLE_DEBUG_INFO = YES;
				ONLY_ACTIVE_ARCH = YES;
				SDKROOT = iphoneos;
				SWIFT_ACTIVE_COMPILATION_CONDITIONS = DEBUG;
				SWIFT_OPTIMIZATION_LEVEL = "-Onone";
			};
			name = Debug;
		};
		19DE2E052199E136003405AD /* Release */ = {
			isa = XCBuildConfiguration;
			buildSettings = {
				ALWAYS_SEARCH_USER_PATHS = NO;
				CLANG_ANALYZER_NONNULL = YES;
				CLANG_ANALYZER_NUMBER_OBJECT_CONVERSION = YES_AGGRESSIVE;
				CLANG_CXX_LANGUAGE_STANDARD = "gnu++14";
				CLANG_CXX_LIBRARY = "libc++";
				CLANG_ENABLE_MODULES = YES;
				CLANG_ENABLE_OBJC_ARC = YES;
				CLANG_ENABLE_OBJC_WEAK = YES;
				CLANG_WARN_BLOCK_CAPTURE_AUTORELEASING = YES;
				CLANG_WARN_BOOL_CONVERSION = YES;
				CLANG_WARN_COMMA = YES;
				CLANG_WARN_CONSTANT_CONVERSION = YES;
				CLANG_WARN_DEPRECATED_OBJC_IMPLEMENTATIONS = YES;
				CLANG_WARN_DIRECT_OBJC_ISA_USAGE = YES_ERROR;
				CLANG_WARN_DOCUMENTATION_COMMENTS = YES;
				CLANG_WARN_EMPTY_BODY = YES;
				CLANG_WARN_ENUM_CONVERSION = YES;
				CLANG_WARN_INFINITE_RECURSION = YES;
				CLANG_WARN_INT_CONVERSION = YES;
				CLANG_WARN_NON_LITERAL_NULL_CONVERSION = YES;
				CLANG_WARN_OBJC_IMPLICIT_RETAIN_SELF = YES;
				CLANG_WARN_OBJC_LITERAL_CONVERSION = YES;
				CLANG_WARN_OBJC_ROOT_CLASS = YES_ERROR;
				CLANG_WARN_RANGE_LOOP_ANALYSIS = YES;
				CLANG_WARN_STRICT_PROTOTYPES = YES;
				CLANG_WARN_SUSPICIOUS_MOVE = YES;
				CLANG_WARN_UNGUARDED_AVAILABILITY = YES_AGGRESSIVE;
				CLANG_WARN_UNREACHABLE_CODE = YES;
				CLANG_WARN__DUPLICATE_METHOD_MATCH = YES;
				CODE_SIGN_IDENTITY = "iPhone Developer";
				COPY_PHASE_STRIP = NO;
				DEBUG_INFORMATION_FORMAT = "dwarf-with-dsym";
				ENABLE_NS_ASSERTIONS = NO;
				ENABLE_STRICT_OBJC_MSGSEND = YES;
				GCC_C_LANGUAGE_STANDARD = gnu11;
				GCC_NO_COMMON_BLOCKS = YES;
				GCC_WARN_64_TO_32_BIT_CONVERSION = YES;
				GCC_WARN_ABOUT_RETURN_TYPE = YES_ERROR;
				GCC_WARN_UNDECLARED_SELECTOR = YES;
				GCC_WARN_UNINITIALIZED_AUTOS = YES_AGGRESSIVE;
				GCC_WARN_UNUSED_FUNCTION = YES;
				GCC_WARN_UNUSED_VARIABLE = YES;
				IPHONEOS_DEPLOYMENT_TARGET = 11.4;
				MTL_ENABLE_DEBUG_INFO = NO;
				SDKROOT = iphoneos;
				SWIFT_COMPILATION_MODE = wholemodule;
				SWIFT_OPTIMIZATION_LEVEL = "-O";
				VALIDATE_PRODUCT = YES;
			};
			name = Release;
		};
		19DE2E072199E136003405AD /* Debug */ = {
			isa = XCBuildConfiguration;
			baseConfigurationReference = 8C70C29E90437A59E293539E /* Pods-MedicationRec.debug.xcconfig */;
			buildSettings = {
				ALWAYS_EMBED_SWIFT_STANDARD_LIBRARIES = YES;
				ASSETCATALOG_COMPILER_APPICON_NAME = AppIcon;
				CODE_SIGN_STYLE = Automatic;
				DEVELOPMENT_TEAM = 9WLDYVTCWJ;
				INFOPLIST_FILE = MedicationRec/Info.plist;
				LD_RUNPATH_SEARCH_PATHS = "$(inherited)";
				PRODUCT_BUNDLE_IDENTIFIER = com.RyanPadden.MedicationRec;
				PRODUCT_NAME = MedRec;
				SWIFT_VERSION = 4.0;
				TARGETED_DEVICE_FAMILY = "1,2";
			};
			name = Debug;
		};
		19DE2E082199E136003405AD /* Release */ = {
			isa = XCBuildConfiguration;
			baseConfigurationReference = C7C01F7554BB905F95406D24 /* Pods-MedicationRec.release.xcconfig */;
			buildSettings = {
				ALWAYS_EMBED_SWIFT_STANDARD_LIBRARIES = YES;
				ASSETCATALOG_COMPILER_APPICON_NAME = AppIcon;
				CODE_SIGN_STYLE = Automatic;
				DEVELOPMENT_TEAM = 9WLDYVTCWJ;
				INFOPLIST_FILE = MedicationRec/Info.plist;
				LD_RUNPATH_SEARCH_PATHS = "$(inherited)";
				PRODUCT_BUNDLE_IDENTIFIER = com.RyanPadden.MedicationRec;
				PRODUCT_NAME = MedRec;
				SWIFT_VERSION = 4.0;
				TARGETED_DEVICE_FAMILY = "1,2";
			};
			name = Release;
		};
/* End XCBuildConfiguration section */

/* Begin XCConfigurationList section */
		19DE2DEF2199E134003405AD /* Build configuration list for PBXProject "MedicationRec" */ = {
			isa = XCConfigurationList;
			buildConfigurations = (
				19DE2E042199E136003405AD /* Debug */,
				19DE2E052199E136003405AD /* Release */,
			);
			defaultConfigurationIsVisible = 0;
			defaultConfigurationName = Release;
		};
		19DE2E062199E136003405AD /* Build configuration list for PBXNativeTarget "MedicationRec" */ = {
			isa = XCConfigurationList;
			buildConfigurations = (
				19DE2E072199E136003405AD /* Debug */,
				19DE2E082199E136003405AD /* Release */,
			);
			defaultConfigurationIsVisible = 0;
			defaultConfigurationName = Release;
		};
/* End XCConfigurationList section */
	};
	rootObject = 19DE2DEC2199E134003405AD /* Project object */;
}
